// !$*UTF8*$!
{
	archiveVersion = 1;
	classes = {
	};
	objectVersion = 50;
	objects = {

/* Begin PBXBuildFile section */
		1644E9F2DEE05E91A530A978 /* Pods_Flix1UITests.framework in Frameworks */ = {isa = PBXBuildFile; fileRef = 74C65C0DD8F80DAD584CFFCF /* Pods_Flix1UITests.framework */; };
		70882BF2B6C67D291F9C8AF6 /* Pods_Flix1Tests.framework in Frameworks */ = {isa = PBXBuildFile; fileRef = 368200788C0C2363574EEBCD /* Pods_Flix1Tests.framework */; };
		A47401DD2145DFCE00D3EEDA /* NowPlayingViewController.swift in Sources */ = {isa = PBXBuildFile; fileRef = A47401DC2145DFCE00D3EEDA /* NowPlayingViewController.swift */; };
		A47401DF21460F1D00D3EEDA /* MovieCell.swift in Sources */ = {isa = PBXBuildFile; fileRef = A47401DE21460F1D00D3EEDA /* MovieCell.swift */; };
		A4FCCE17214378E200807A9F /* AppDelegate.swift in Sources */ = {isa = PBXBuildFile; fileRef = A4FCCE16214378E200807A9F /* AppDelegate.swift */; };
		A4FCCE1C214378E200807A9F /* Main.storyboard in Resources */ = {isa = PBXBuildFile; fileRef = A4FCCE1A214378E200807A9F /* Main.storyboard */; };
		A4FCCE1E214378E300807A9F /* Assets.xcassets in Resources */ = {isa = PBXBuildFile; fileRef = A4FCCE1D214378E300807A9F /* Assets.xcassets */; };
		A4FCCE21214378E300807A9F /* LaunchScreen.storyboard in Resources */ = {isa = PBXBuildFile; fileRef = A4FCCE1F214378E300807A9F /* LaunchScreen.storyboard */; };
		A4FCCE2C214378E300807A9F /* Flix1Tests.swift in Sources */ = {isa = PBXBuildFile; fileRef = A4FCCE2B214378E300807A9F /* Flix1Tests.swift */; };
		A4FCCE37214378E300807A9F /* Flix1UITests.swift in Sources */ = {isa = PBXBuildFile; fileRef = A4FCCE36214378E300807A9F /* Flix1UITests.swift */; };
		F4FAA273F8F9376A951313F2 /* Pods_Flix1.framework in Frameworks */ = {isa = PBXBuildFile; fileRef = 8858D822D0EA9CD48B391F05 /* Pods_Flix1.framework */; };
/* End PBXBuildFile section */

/* Begin PBXContainerItemProxy section */
		A4FCCE28214378E300807A9F /* PBXContainerItemProxy */ = {
			isa = PBXContainerItemProxy;
			containerPortal = A4FCCE0B214378E200807A9F /* Project object */;
			proxyType = 1;
			remoteGlobalIDString = A4FCCE12214378E200807A9F;
			remoteInfo = Flix1;
		};
		A4FCCE33214378E300807A9F /* PBXContainerItemProxy */ = {
			isa = PBXContainerItemProxy;
			containerPortal = A4FCCE0B214378E200807A9F /* Project object */;
			proxyType = 1;
			remoteGlobalIDString = A4FCCE12214378E200807A9F;
			remoteInfo = Flix1;
		};
/* End PBXContainerItemProxy section */

/* Begin PBXFileReference section */
		368200788C0C2363574EEBCD /* Pods_Flix1Tests.framework */ = {isa = PBXFileReference; explicitFileType = wrapper.framework; includeInIndex = 0; path = Pods_Flix1Tests.framework; sourceTree = BUILT_PRODUCTS_DIR; };
		4E1B5413B3042A021DC9FCCE /* Pods-Flix1.release.xcconfig */ = {isa = PBXFileReference; includeInIndex = 1; lastKnownFileType = text.xcconfig; name = "Pods-Flix1.release.xcconfig"; path = "Pods/Target Support Files/Pods-Flix1/Pods-Flix1.release.xcconfig"; sourceTree = "<group>"; };
		74C65C0DD8F80DAD584CFFCF /* Pods_Flix1UITests.framework */ = {isa = PBXFileReference; explicitFileType = wrapper.framework; includeInIndex = 0; path = Pods_Flix1UITests.framework; sourceTree = BUILT_PRODUCTS_DIR; };
		76F71C4D4FD17E8CD804E61A /* Pods-Flix1UITests.debug.xcconfig */ = {isa = PBXFileReference; includeInIndex = 1; lastKnownFileType = text.xcconfig; name = "Pods-Flix1UITests.debug.xcconfig"; path = "Pods/Target Support Files/Pods-Flix1UITests/Pods-Flix1UITests.debug.xcconfig"; sourceTree = "<group>"; };
		7AE51784A1A029390CFF3674 /* Pods-Flix1UITests.release.xcconfig */ = {isa = PBXFileReference; includeInIndex = 1; lastKnownFileType = text.xcconfig; name = "Pods-Flix1UITests.release.xcconfig"; path = "Pods/Target Support Files/Pods-Flix1UITests/Pods-Flix1UITests.release.xcconfig"; sourceTree = "<group>"; };
		8858D822D0EA9CD48B391F05 /* Pods_Flix1.framework */ = {isa = PBXFileReference; explicitFileType = wrapper.framework; includeInIndex = 0; path = Pods_Flix1.framework; sourceTree = BUILT_PRODUCTS_DIR; };
		8A19C9794A52E73B0B57A326 /* Pods-Flix1.debug.xcconfig */ = {isa = PBXFileReference; includeInIndex = 1; lastKnownFileType = text.xcconfig; name = "Pods-Flix1.debug.xcconfig"; path = "Pods/Target Support Files/Pods-Flix1/Pods-Flix1.debug.xcconfig"; sourceTree = "<group>"; };
		A47401DC2145DFCE00D3EEDA /* NowPlayingViewController.swift */ = {isa = PBXFileReference; lastKnownFileType = sourcecode.swift; path = NowPlayingViewController.swift; sourceTree = "<group>"; };
		A47401DE21460F1D00D3EEDA /* MovieCell.swift */ = {isa = PBXFileReference; lastKnownFileType = sourcecode.swift; path = MovieCell.swift; sourceTree = "<group>"; };
		A4FCCE13214378E200807A9F /* Flix1.app */ = {isa = PBXFileReference; explicitFileType = wrapper.application; includeInIndex = 0; path = Flix1.app; sourceTree = BUILT_PRODUCTS_DIR; };
		A4FCCE16214378E200807A9F /* AppDelegate.swift */ = {isa = PBXFileReference; lastKnownFileType = sourcecode.swift; path = AppDelegate.swift; sourceTree = "<group>"; };
		A4FCCE1B214378E200807A9F /* Base */ = {isa = PBXFileReference; lastKnownFileType = file.storyboard; name = Base; path = Base.lproj/Main.storyboard; sourceTree = "<group>"; };
		A4FCCE1D214378E300807A9F /* Assets.xcassets */ = {isa = PBXFileReference; lastKnownFileType = folder.assetcatalog; path = Assets.xcassets; sourceTree = "<group>"; };
		A4FCCE20214378E300807A9F /* Base */ = {isa = PBXFileReference; lastKnownFileType = file.storyboard; name = Base; path = Base.lproj/LaunchScreen.storyboard; sourceTree = "<group>"; };
		A4FCCE22214378E300807A9F /* Info.plist */ = {isa = PBXFileReference; lastKnownFileType = text.plist.xml; path = Info.plist; sourceTree = "<group>"; };
		A4FCCE27214378E300807A9F /* Flix1Tests.xctest */ = {isa = PBXFileReference; explicitFileType = wrapper.cfbundle; includeInIndex = 0; path = Flix1Tests.xctest; sourceTree = BUILT_PRODUCTS_DIR; };
		A4FCCE2B214378E300807A9F /* Flix1Tests.swift */ = {isa = PBXFileReference; lastKnownFileType = sourcecode.swift; path = Flix1Tests.swift; sourceTree = "<group>"; };
		A4FCCE2D214378E300807A9F /* Info.plist */ = {isa = PBXFileReference; lastKnownFileType = text.plist.xml; path = Info.plist; sourceTree = "<group>"; };
		A4FCCE32214378E300807A9F /* Flix1UITests.xctest */ = {isa = PBXFileReference; explicitFileType = wrapper.cfbundle; includeInIndex = 0; path = Flix1UITests.xctest; sourceTree = BUILT_PRODUCTS_DIR; };
		A4FCCE36214378E300807A9F /* Flix1UITests.swift */ = {isa = PBXFileReference; lastKnownFileType = sourcecode.swift; path = Flix1UITests.swift; sourceTree = "<group>"; };
		A4FCCE38214378E300807A9F /* Info.plist */ = {isa = PBXFileReference; lastKnownFileType = text.plist.xml; path = Info.plist; sourceTree = "<group>"; };
		BF5A97CDBE0CA5EB13C923DE /* Pods-Flix1Tests.release.xcconfig */ = {isa = PBXFileReference; includeInIndex = 1; lastKnownFileType = text.xcconfig; name = "Pods-Flix1Tests.release.xcconfig"; path = "Pods/Target Support Files/Pods-Flix1Tests/Pods-Flix1Tests.release.xcconfig"; sourceTree = "<group>"; };
		C25C6A8E7F1F2062004C472C /* Pods-Flix1Tests.debug.xcconfig */ = {isa = PBXFileReference; includeInIndex = 1; lastKnownFileType = text.xcconfig; name = "Pods-Flix1Tests.debug.xcconfig"; path = "Pods/Target Support Files/Pods-Flix1Tests/Pods-Flix1Tests.debug.xcconfig"; sourceTree = "<group>"; };
/* End PBXFileReference section */

/* Begin PBXFrameworksBuildPhase section */
		A4FCCE10214378E200807A9F /* Frameworks */ = {
			isa = PBXFrameworksBuildPhase;
			buildActionMask = 2147483647;
			files = (
				F4FAA273F8F9376A951313F2 /* Pods_Flix1.framework in Frameworks */,
			);
			runOnlyForDeploymentPostprocessing = 0;
		};
		A4FCCE24214378E300807A9F /* Frameworks */ = {
			isa = PBXFrameworksBuildPhase;
			buildActionMask = 2147483647;
			files = (
				70882BF2B6C67D291F9C8AF6 /* Pods_Flix1Tests.framework in Frameworks */,
			);
			runOnlyForDeploymentPostprocessing = 0;
		};
		A4FCCE2F214378E300807A9F /* Frameworks */ = {
			isa = PBXFrameworksBuildPhase;
			buildActionMask = 2147483647;
			files = (
				1644E9F2DEE05E91A530A978 /* Pods_Flix1UITests.framework in Frameworks */,
			);
			runOnlyForDeploymentPostprocessing = 0;
		};
/* End PBXFrameworksBuildPhase section */

/* Begin PBXGroup section */
		7D4D1717D3D2469C58BF9A1D /* Pods */ = {
			isa = PBXGroup;
			children = (
				8A19C9794A52E73B0B57A326 /* Pods-Flix1.debug.xcconfig */,
				4E1B5413B3042A021DC9FCCE /* Pods-Flix1.release.xcconfig */,
				C25C6A8E7F1F2062004C472C /* Pods-Flix1Tests.debug.xcconfig */,
				BF5A97CDBE0CA5EB13C923DE /* Pods-Flix1Tests.release.xcconfig */,
				76F71C4D4FD17E8CD804E61A /* Pods-Flix1UITests.debug.xcconfig */,
				7AE51784A1A029390CFF3674 /* Pods-Flix1UITests.release.xcconfig */,
			);
			name = Pods;
			sourceTree = "<group>";
		};
		A2DCAD139AB4F36529A9D91A /* Frameworks */ = {
			isa = PBXGroup;
			children = (
				8858D822D0EA9CD48B391F05 /* Pods_Flix1.framework */,
				368200788C0C2363574EEBCD /* Pods_Flix1Tests.framework */,
				74C65C0DD8F80DAD584CFFCF /* Pods_Flix1UITests.framework */,
			);
			name = Frameworks;
			sourceTree = "<group>";
		};
		A4FCCE0A214378E200807A9F = {
			isa = PBXGroup;
			children = (
				A4FCCE15214378E200807A9F /* Flix1 */,
				A4FCCE2A214378E300807A9F /* Flix1Tests */,
				A4FCCE35214378E300807A9F /* Flix1UITests */,
				A4FCCE14214378E200807A9F /* Products */,
				7D4D1717D3D2469C58BF9A1D /* Pods */,
				A2DCAD139AB4F36529A9D91A /* Frameworks */,
			);
			sourceTree = "<group>";
		};
		A4FCCE14214378E200807A9F /* Products */ = {
			isa = PBXGroup;
			children = (
				A4FCCE13214378E200807A9F /* Flix1.app */,
				A4FCCE27214378E300807A9F /* Flix1Tests.xctest */,
				A4FCCE32214378E300807A9F /* Flix1UITests.xctest */,
			);
			name = Products;
			sourceTree = "<group>";
		};
		A4FCCE15214378E200807A9F /* Flix1 */ = {
			isa = PBXGroup;
			children = (
				A47401DC2145DFCE00D3EEDA /* NowPlayingViewController.swift */,
				A4FCCE16214378E200807A9F /* AppDelegate.swift */,
				A4FCCE1A214378E200807A9F /* Main.storyboard */,
				A4FCCE1D214378E300807A9F /* Assets.xcassets */,
				A4FCCE1F214378E300807A9F /* LaunchScreen.storyboard */,
				A4FCCE22214378E300807A9F /* Info.plist */,
				A47401DE21460F1D00D3EEDA /* MovieCell.swift */,
			);
			path = Flix1;
			sourceTree = "<group>";
		};
		A4FCCE2A214378E300807A9F /* Flix1Tests */ = {
			isa = PBXGroup;
			children = (
				A4FCCE2B214378E300807A9F /* Flix1Tests.swift */,
				A4FCCE2D214378E300807A9F /* Info.plist */,
			);
			path = Flix1Tests;
			sourceTree = "<group>";
		};
		A4FCCE35214378E300807A9F /* Flix1UITests */ = {
			isa = PBXGroup;
			children = (
				A4FCCE36214378E300807A9F /* Flix1UITests.swift */,
				A4FCCE38214378E300807A9F /* Info.plist */,
			);
			path = Flix1UITests;
			sourceTree = "<group>";
		};
/* End PBXGroup section */

/* Begin PBXNativeTarget section */
		A4FCCE12214378E200807A9F /* Flix1 */ = {
			isa = PBXNativeTarget;
			buildConfigurationList = A4FCCE3B214378E300807A9F /* Build configuration list for PBXNativeTarget "Flix1" */;
			buildPhases = (
				03A9C9E989CED75DE18B1FBA /* [CP] Check Pods Manifest.lock */,
				A4FCCE0F214378E200807A9F /* Sources */,
				A4FCCE10214378E200807A9F /* Frameworks */,
				A4FCCE11214378E200807A9F /* Resources */,
				0BC2DC2073E55EA49E1A7734 /* [CP] Embed Pods Frameworks */,
			);
			buildRules = (
			);
			dependencies = (
			);
			name = Flix1;
			productName = Flix1;
			productReference = A4FCCE13214378E200807A9F /* Flix1.app */;
			productType = "com.apple.product-type.application";
		};
		A4FCCE26214378E300807A9F /* Flix1Tests */ = {
			isa = PBXNativeTarget;
			buildConfigurationList = A4FCCE3E214378E300807A9F /* Build configuration list for PBXNativeTarget "Flix1Tests" */;
			buildPhases = (
				2396218AC7AA762DB6CC29E8 /* [CP] Check Pods Manifest.lock */,
				A4FCCE23214378E300807A9F /* Sources */,
				A4FCCE24214378E300807A9F /* Frameworks */,
				A4FCCE25214378E300807A9F /* Resources */,
			);
			buildRules = (
			);
			dependencies = (
				A4FCCE29214378E300807A9F /* PBXTargetDependency */,
			);
			name = Flix1Tests;
			productName = Flix1Tests;
			productReference = A4FCCE27214378E300807A9F /* Flix1Tests.xctest */;
			productType = "com.apple.product-type.bundle.unit-test";
		};
		A4FCCE31214378E300807A9F /* Flix1UITests */ = {
			isa = PBXNativeTarget;
			buildConfigurationList = A4FCCE41214378E300807A9F /* Build configuration list for PBXNativeTarget "Flix1UITests" */;
			buildPhases = (
				D65646D2ED2319B010EAB9C6 /* [CP] Check Pods Manifest.lock */,
				A4FCCE2E214378E300807A9F /* Sources */,
				A4FCCE2F214378E300807A9F /* Frameworks */,
				A4FCCE30214378E300807A9F /* Resources */,
			);
			buildRules = (
			);
			dependencies = (
				A4FCCE34214378E300807A9F /* PBXTargetDependency */,
			);
			name = Flix1UITests;
			productName = Flix1UITests;
			productReference = A4FCCE32214378E300807A9F /* Flix1UITests.xctest */;
			productType = "com.apple.product-type.bundle.ui-testing";
		};
/* End PBXNativeTarget section */

/* Begin PBXProject section */
		A4FCCE0B214378E200807A9F /* Project object */ = {
			isa = PBXProject;
			attributes = {
				LastSwiftUpdateCheck = 0940;
				LastUpgradeCheck = 0940;
				ORGANIZATIONNAME = MSU;
				TargetAttributes = {
					A4FCCE12214378E200807A9F = {
						CreatedOnToolsVersion = 9.4.1;
					};
					A4FCCE26214378E300807A9F = {
						CreatedOnToolsVersion = 9.4.1;
						TestTargetID = A4FCCE12214378E200807A9F;
					};
					A4FCCE31214378E300807A9F = {
						CreatedOnToolsVersion = 9.4.1;
						TestTargetID = A4FCCE12214378E200807A9F;
					};
				};
			};
			buildConfigurationList = A4FCCE0E214378E200807A9F /* Build configuration list for PBXProject "Flix1" */;
			compatibilityVersion = "Xcode 9.3";
			developmentRegion = en;
			hasScannedForEncodings = 0;
			knownRegions = (
				en,
				Base,
			);
			mainGroup = A4FCCE0A214378E200807A9F;
			productRefGroup = A4FCCE14214378E200807A9F /* Products */;
			projectDirPath = "";
			projectRoot = "";
			targets = (
				A4FCCE12214378E200807A9F /* Flix1 */,
				A4FCCE26214378E300807A9F /* Flix1Tests */,
				A4FCCE31214378E300807A9F /* Flix1UITests */,
			);
		};
/* End PBXProject section */

/* Begin PBXResourcesBuildPhase section */
		A4FCCE11214378E200807A9F /* Resources */ = {
			isa = PBXResourcesBuildPhase;
			buildActionMask = 2147483647;
			files = (
				A4FCCE21214378E300807A9F /* LaunchScreen.storyboard in Resources */,
				A4FCCE1E214378E300807A9F /* Assets.xcassets in Resources */,
				A4FCCE1C214378E200807A9F /* Main.storyboard in Resources */,
			);
			runOnlyForDeploymentPostprocessing = 0;
		};
		A4FCCE25214378E300807A9F /* Resources */ = {
			isa = PBXResourcesBuildPhase;
			buildActionMask = 2147483647;
			files = (
			);
			runOnlyForDeploymentPostprocessing = 0;
		};
		A4FCCE30214378E300807A9F /* Resources */ = {
			isa = PBXResourcesBuildPhase;
			buildActionMask = 2147483647;
			files = (
			);
			runOnlyForDeploymentPostprocessing = 0;
		};
/* End PBXResourcesBuildPhase section */

/* Begin PBXShellScriptBuildPhase section */
		03A9C9E989CED75DE18B1FBA /* [CP] Check Pods Manifest.lock */ = {
			isa = PBXShellScriptBuildPhase;
			buildActionMask = 2147483647;
			files = (
			);
			inputPaths = (
				"${PODS_PODFILE_DIR_PATH}/Podfile.lock",
				"${PODS_ROOT}/Manifest.lock",
			);
			name = "[CP] Check Pods Manifest.lock";
			outputPaths = (
				"$(DERIVED_FILE_DIR)/Pods-Flix1-checkManifestLockResult.txt",
			);
			runOnlyForDeploymentPostprocessing = 0;
			shellPath = /bin/sh;
			shellScript = "diff \"${PODS_PODFILE_DIR_PATH}/Podfile.lock\" \"${PODS_ROOT}/Manifest.lock\" > /dev/null\nif [ $? != 0 ] ; then\n    # print error to STDERR\n    echo \"error: The sandbox is not in sync with the Podfile.lock. Run 'pod install' or update your CocoaPods installation.\" >&2\n    exit 1\nfi\n# This output is used by Xcode 'outputs' to avoid re-running this script phase.\necho \"SUCCESS\" > \"${SCRIPT_OUTPUT_FILE_0}\"\n";
			showEnvVarsInLog = 0;
		};
		0BC2DC2073E55EA49E1A7734 /* [CP] Embed Pods Frameworks */ = {
			isa = PBXShellScriptBuildPhase;
			buildActionMask = 2147483647;
			files = (
			);
			inputPaths = (
				"${SRCROOT}/Pods/Target Support Files/Pods-Flix1/Pods-Flix1-frameworks.sh",
				"${BUILT_PRODUCTS_DIR}/Alamofire/Alamofire.framework",
				"${BUILT_PRODUCTS_DIR}/AlamofireImage/AlamofireImage.framework",
			);
			name = "[CP] Embed Pods Frameworks";
			outputPaths = (
				"${TARGET_BUILD_DIR}/${FRAMEWORKS_FOLDER_PATH}/Alamofire.framework",
				"${TARGET_BUILD_DIR}/${FRAMEWORKS_FOLDER_PATH}/AlamofireImage.framework",
			);
			runOnlyForDeploymentPostprocessing = 0;
			shellPath = /bin/sh;
			shellScript = "\"${SRCROOT}/Pods/Target Support Files/Pods-Flix1/Pods-Flix1-frameworks.sh\"\n";
			showEnvVarsInLog = 0;
		};
		2396218AC7AA762DB6CC29E8 /* [CP] Check Pods Manifest.lock */ = {
			isa = PBXShellScriptBuildPhase;
			buildActionMask = 2147483647;
			files = (
			);
			inputPaths = (
				"${PODS_PODFILE_DIR_PATH}/Podfile.lock",
				"${PODS_ROOT}/Manifest.lock",
			);
			name = "[CP] Check Pods Manifest.lock";
			outputPaths = (
				"$(DERIVED_FILE_DIR)/Pods-Flix1Tests-checkManifestLockResult.txt",
			);
			runOnlyForDeploymentPostprocessing = 0;
			shellPath = /bin/sh;
			shellScript = "diff \"${PODS_PODFILE_DIR_PATH}/Podfile.lock\" \"${PODS_ROOT}/Manifest.lock\" > /dev/null\nif [ $? != 0 ] ; then\n    # print error to STDERR\n    echo \"error: The sandbox is not in sync with the Podfile.lock. Run 'pod install' or update your CocoaPods installation.\" >&2\n    exit 1\nfi\n# This output is used by Xcode 'outputs' to avoid re-running this script phase.\necho \"SUCCESS\" > \"${SCRIPT_OUTPUT_FILE_0}\"\n";
			showEnvVarsInLog = 0;
		};
		D65646D2ED2319B010EAB9C6 /* [CP] Check Pods Manifest.lock */ = {
			isa = PBXShellScriptBuildPhase;
			buildActionMask = 2147483647;
			files = (
			);
			inputPaths = (
				"${PODS_PODFILE_DIR_PATH}/Podfile.lock",
				"${PODS_ROOT}/Manifest.lock",
			);
			name = "[CP] Check Pods Manifest.lock";
			outputPaths = (
				"$(DERIVED_FILE_DIR)/Pods-Flix1UITests-checkManifestLockResult.txt",
			);
			runOnlyForDeploymentPostprocessing = 0;
			shellPath = /bin/sh;
			shellScript = "diff \"${PODS_PODFILE_DIR_PATH}/Podfile.lock\" \"${PODS_ROOT}/Manifest.lock\" > /dev/null\nif [ $? != 0 ] ; then\n    # print error to STDERR\n    echo \"error: The sandbox is not in sync with the Podfile.lock. Run 'pod install' or update your CocoaPods installation.\" >&2\n    exit 1\nfi\n# This output is used by Xcode 'outputs' to avoid re-running this script phase.\necho \"SUCCESS\" > \"${SCRIPT_OUTPUT_FILE_0}\"\n";
			showEnvVarsInLog = 0;
		};
/* End PBXShellScriptBuildPhase section */

/* Begin PBXSourcesBuildPhase section */
		A4FCCE0F214378E200807A9F /* Sources */ = {
			isa = PBXSourcesBuildPhase;
			buildActionMask = 2147483647;
			files = (
				A47401DD2145DFCE00D3EEDA /* NowPlayingViewController.swift in Sources */,
				A4FCCE17214378E200807A9F /* AppDelegate.swift in Sources */,
				A47401DF21460F1D00D3EEDA /* MovieCell.swift in Sources */,
			);
			runOnlyForDeploymentPostprocessing = 0;
		};
		A4FCCE23214378E300807A9F /* Sources */ = {
			isa = PBXSourcesBuildPhase;
			buildActionMask = 2147483647;
			files = (
				A4FCCE2C214378E300807A9F /* Flix1Tests.swift in Sources */,
			);
			runOnlyForDeploymentPostprocessing = 0;
		};
		A4FCCE2E214378E300807A9F /* Sources */ = {
			isa = PBXSourcesBuildPhase;
			buildActionMask = 2147483647;
			files = (
				A4FCCE37214378E300807A9F /* Flix1UITests.swift in Sources */,
			);
			runOnlyForDeploymentPostprocessing = 0;
		};
/* End PBXSourcesBuildPhase section */

/* Begin PBXTargetDependency section */
		A4FCCE29214378E300807A9F /* PBXTargetDependency */ = {
			isa = PBXTargetDependency;
			target = A4FCCE12214378E200807A9F /* Flix1 */;
			targetProxy = A4FCCE28214378E300807A9F /* PBXContainerItemProxy */;
		};
		A4FCCE34214378E300807A9F /* PBXTargetDependency */ = {
			isa = PBXTargetDependency;
			target = A4FCCE12214378E200807A9F /* Flix1 */;
			targetProxy = A4FCCE33214378E300807A9F /* PBXContainerItemProxy */;
		};
/* End PBXTargetDependency section */

/* Begin PBXVariantGroup section */
		A4FCCE1A214378E200807A9F /* Main.storyboard */ = {
			isa = PBXVariantGroup;
			children = (
				A4FCCE1B214378E200807A9F /* Base */,
			);
			name = Main.storyboard;
			sourceTree = "<group>";
		};
		A4FCCE1F214378E300807A9F /* LaunchScreen.storyboard */ = {
			isa = PBXVariantGroup;
			children = (
				A4FCCE20214378E300807A9F /* Base */,
			);
			name = LaunchScreen.storyboard;
			sourceTree = "<group>";
		};
/* End PBXVariantGroup section */

/* Begin XCBuildConfiguration section */
		A4FCCE39214378E300807A9F /* Debug */ = {
			isa = XCBuildConfiguration;
			buildSettings = {
				ALWAYS_SEARCH_USER_PATHS = NO;
				CLANG_ANALYZER_NONNULL = YES;
				CLANG_ANALYZER_NUMBER_OBJECT_CONVERSION = YES_AGGRESSIVE;
				CLANG_CXX_LANGUAGE_STANDARD = "gnu++14";
				CLANG_CXX_LIBRARY = "libc++";
				CLANG_ENABLE_MODULES = YES;
				CLANG_ENABLE_OBJC_ARC = YES;
				CLANG_ENABLE_OBJC_WEAK = YES;
				CLANG_WARN_BLOCK_CAPTURE_AUTORELEASING = YES;
				CLANG_WARN_BOOL_CONVERSION = YES;
				CLANG_WARN_COMMA = YES;
				CLANG_WARN_CONSTANT_CONVERSION = YES;
				CLANG_WARN_DEPRECATED_OBJC_IMPLEMENTATIONS = YES;
				CLANG_WARN_DIRECT_OBJC_ISA_USAGE = YES_ERROR;
				CLANG_WARN_DOCUMENTATION_COMMENTS = YES;
				CLANG_WARN_EMPTY_BODY = YES;
				CLANG_WARN_ENUM_CONVERSION = YES;
				CLANG_WARN_INFINITE_RECURSION = YES;
				CLANG_WARN_INT_CONVERSION = YES;
				CLANG_WARN_NON_LITERAL_NULL_CONVERSION = YES;
				CLANG_WARN_OBJC_IMPLICIT_RETAIN_SELF = YES;
				CLANG_WARN_OBJC_LITERAL_CONVERSION = YES;
				CLANG_WARN_OBJC_ROOT_CLASS = YES_ERROR;
				CLANG_WARN_RANGE_LOOP_ANALYSIS = YES;
				CLANG_WARN_STRICT_PROTOTYPES = YES;
				CLANG_WARN_SUSPICIOUS_MOVE = YES;
				CLANG_WARN_UNGUARDED_AVAILABILITY = YES_AGGRESSIVE;
				CLANG_WARN_UNREACHABLE_CODE = YES;
				CLANG_WARN__DUPLICATE_METHOD_MATCH = YES;
				CODE_SIGN_IDENTITY = "iPhone Developer";
				COPY_PHASE_STRIP = NO;
				DEBUG_INFORMATION_FORMAT = dwarf;
				ENABLE_STRICT_OBJC_MSGSEND = YES;
				ENABLE_TESTABILITY = YES;
				GCC_C_LANGUAGE_STANDARD = gnu11;
				GCC_DYNAMIC_NO_PIC = NO;
				GCC_NO_COMMON_BLOCKS = YES;
				GCC_OPTIMIZATION_LEVEL = 0;
				GCC_PREPROCESSOR_DEFINITIONS = (
					"DEBUG=1",
					"$(inherited)",
				);
				GCC_WARN_64_TO_32_BIT_CONVERSION = YES;
				GCC_WARN_ABOUT_RETURN_TYPE = YES_ERROR;
				GCC_WARN_UNDECLARED_SELECTOR = YES;
				GCC_WARN_UNINITIALIZED_AUTOS = YES_AGGRESSIVE;
				GCC_WARN_UNUSED_FUNCTION = YES;
				GCC_WARN_UNUSED_VARIABLE = YES;
				IPHONEOS_DEPLOYMENT_TARGET = 11.4;
				MTL_ENABLE_DEBUG_INFO = YES;
				ONLY_ACTIVE_ARCH = YES;
				SDKROOT = iphoneos;
				SWIFT_ACTIVE_COMPILATION_CONDITIONS = DEBUG;
				SWIFT_OPTIMIZATION_LEVEL = "-Onone";
			};
			name = Debug;
		};
		A4FCCE3A214378E300807A9F /* Release */ = {
			isa = XCBuildConfiguration;
			buildSettings = {
				ALWAYS_SEARCH_USER_PATHS = NO;
				CLANG_ANALYZER_NONNULL = YES;
				CLANG_ANALYZER_NUMBER_OBJECT_CONVERSION = YES_AGGRESSIVE;
				CLANG_CXX_LANGUAGE_STANDARD = "gnu++14";
				CLANG_CXX_LIBRARY = "libc++";
				CLANG_ENABLE_MODULES = YES;
				CLANG_ENABLE_OBJC_ARC = YES;
				CLANG_ENABLE_OBJC_WEAK = YES;
				CLANG_WARN_BLOCK_CAPTURE_AUTORELEASING = YES;
				CLANG_WARN_BOOL_CONVERSION = YES;
				CLANG_WARN_COMMA = YES;
				CLANG_WARN_CONSTANT_CONVERSION = YES;
				CLANG_WARN_DEPRECATED_OBJC_IMPLEMENTATIONS = YES;
				CLANG_WARN_DIRECT_OBJC_ISA_USAGE = YES_ERROR;
				CLANG_WARN_DOCUMENTATION_COMMENTS = YES;
				CLANG_WARN_EMPTY_BODY = YES;
				CLANG_WARN_ENUM_CONVERSION = YES;
				CLANG_WARN_INFINITE_RECURSION = YES;
				CLANG_WARN_INT_CONVERSION = YES;
				CLANG_WARN_NON_LITERAL_NULL_CONVERSION = YES;
				CLANG_WARN_OBJC_IMPLICIT_RETAIN_SELF = YES;
				CLANG_WARN_OBJC_LITERAL_CONVERSION = YES;
				CLANG_WARN_OBJC_ROOT_CLASS = YES_ERROR;
				CLANG_WARN_RANGE_LOOP_ANALYSIS = YES;
				CLANG_WARN_STRICT_PROTOTYPES = YES;
				CLANG_WARN_SUSPICIOUS_MOVE = YES;
				CLANG_WARN_UNGUARDED_AVAILABILITY = YES_AGGRESSIVE;
				CLANG_WARN_UNREACHABLE_CODE = YES;
				CLANG_WARN__DUPLICATE_METHOD_MATCH = YES;
				CODE_SIGN_IDENTITY = "iPhone Developer";
				COPY_PHASE_STRIP = NO;
				DEBUG_INFORMATION_FORMAT = "dwarf-with-dsym";
				ENABLE_NS_ASSERTIONS = NO;
				ENABLE_STRICT_OBJC_MSGSEND = YES;
				GCC_C_LANGUAGE_STANDARD = gnu11;
				GCC_NO_COMMON_BLOCKS = YES;
				GCC_WARN_64_TO_32_BIT_CONVERSION = YES;
				GCC_WARN_ABOUT_RETURN_TYPE = YES_ERROR;
				GCC_WARN_UNDECLARED_SELECTOR = YES;
				GCC_WARN_UNINITIALIZED_AUTOS = YES_AGGRESSIVE;
				GCC_WARN_UNUSED_FUNCTION = YES;
				GCC_WARN_UNUSED_VARIABLE = YES;
				IPHONEOS_DEPLOYMENT_TARGET = 11.4;
				MTL_ENABLE_DEBUG_INFO = NO;
				SDKROOT = iphoneos;
				SWIFT_COMPILATION_MODE = wholemodule;
				SWIFT_OPTIMIZATION_LEVEL = "-O";
				VALIDATE_PRODUCT = YES;
			};
			name = Release;
		};
		A4FCCE3C214378E300807A9F /* Debug */ = {
			isa = XCBuildConfiguration;
			baseConfigurationReference = 8A19C9794A52E73B0B57A326 /* Pods-Flix1.debug.xcconfig */;
			buildSettings = {
				ASSETCATALOG_COMPILER_APPICON_NAME = AppIcon;
				CODE_SIGN_STYLE = Automatic;
				INFOPLIST_FILE = Flix1/Info.plist;
				LD_RUNPATH_SEARCH_PATHS = (
					"$(inherited)",
					"@executable_path/Frameworks",
				);
				PRODUCT_BUNDLE_IDENTIFIER = "Brittany-Dail.Flix1";
				PRODUCT_NAME = "$(TARGET_NAME)";
				SWIFT_VERSION = 4.0;
				TARGETED_DEVICE_FAMILY = "1,2";
			};
			name = Debug;
		};
		A4FCCE3D214378E300807A9F /* Release */ = {
			isa = XCBuildConfiguration;
			baseConfigurationReference = 4E1B5413B3042A021DC9FCCE /* Pods-Flix1.release.xcconfig */;
			buildSettings = {
				ASSETCATALOG_COMPILER_APPICON_NAME = AppIcon;
				CODE_SIGN_STYLE = Automatic;
				INFOPLIST_FILE = Flix1/Info.plist;
				LD_RUNPATH_SEARCH_PATHS = (
					"$(inherited)",
					"@executable_path/Frameworks",
				);
				PRODUCT_BUNDLE_IDENTIFIER = "Brittany-Dail.Flix1";
				PRODUCT_NAME = "$(TARGET_NAME)";
				SWIFT_VERSION = 4.0;
				TARGETED_DEVICE_FAMILY = "1,2";
			};
			name = Release;
		};
		A4FCCE3F214378E300807A9F /* Debug */ = {
			isa = XCBuildConfiguration;
			baseConfigurationReference = C25C6A8E7F1F2062004C472C /* Pods-Flix1Tests.debug.xcconfig */;
			buildSettings = {
				ALWAYS_EMBED_SWIFT_STANDARD_LIBRARIES = YES;
				BUNDLE_LOADER = "$(TEST_HOST)";
				CODE_SIGN_STYLE = Automatic;
				INFOPLIST_FILE = Flix1Tests/Info.plist;
				LD_RUNPATH_SEARCH_PATHS = (
					"$(inherited)",
					"@executable_path/Frameworks",
					"@loader_path/Frameworks",
				);
				PRODUCT_BUNDLE_IDENTIFIER = "Brittany-Dail.Flix1Tests";
				PRODUCT_NAME = "$(TARGET_NAME)";
				SWIFT_VERSION = 4.0;
				TARGETED_DEVICE_FAMILY = "1,2";
				TEST_HOST = "$(BUILT_PRODUCTS_DIR)/Flix1.app/Flix1";
			};
			name = Debug;
		};
		A4FCCE40214378E300807A9F /* Release */ = {
			isa = XCBuildConfiguration;
			baseConfigurationReference = BF5A97CDBE0CA5EB13C923DE /* Pods-Flix1Tests.release.xcconfig */;
			buildSettings = {
				ALWAYS_EMBED_SWIFT_STANDARD_LIBRARIES = YES;
				BUNDLE_LOADER = "$(TEST_HOST)";
				CODE_SIGN_STYLE = Automatic;
				INFOPLIST_FILE = Flix1Tests/Info.plist;
				LD_RUNPATH_SEARCH_PATHS = (
					"$(inherited)",
					"@executable_path/Frameworks",
					"@loader_path/Frameworks",
				);
				PRODUCT_BUNDLE_IDENTIFIER = "Brittany-Dail.Flix1Tests";
				PRODUCT_NAME = "$(TARGET_NAME)";
				SWIFT_VERSION = 4.0;
				TARGETED_DEVICE_FAMILY = "1,2";
				TEST_HOST = "$(BUILT_PRODUCTS_DIR)/Flix1.app/Flix1";
			};
			name = Release;
		};
		A4FCCE42214378E300807A9F /* Debug */ = {
			isa = XCBuildConfiguration;
			baseConfigurationReference = 76F71C4D4FD17E8CD804E61A /* Pods-Flix1UITests.debug.xcconfig */;
			buildSettings = {
				ALWAYS_EMBED_SWIFT_STANDARD_LIBRARIES = YES;
				CODE_SIGN_STYLE = Automatic;
				INFOPLIST_FILE = Flix1UITests/Info.plist;
				LD_RUNPATH_SEARCH_PATHS = (
					"$(inherited)",
					"@executable_path/Frameworks",
					"@loader_path/Frameworks",
				);
				PRODUCT_BUNDLE_IDENTIFIER = "Brittany-Dail.Flix1UITests";
				PRODUCT_NAME = "$(TARGET_NAME)";
				SWIFT_VERSION = 4.0;
				TARGETED_DEVICE_FAMILY = "1,2";
				TEST_TARGET_NAME = Flix1;
			};
			name = Debug;
		};
		A4FCCE43214378E300807A9F /* Release */ = {
			isa = XCBuildConfiguration;
			baseConfigurationReference = 7AE51784A1A029390CFF3674 /* Pods-Flix1UITests.release.xcconfig */;
			buildSettings = {
				ALWAYS_EMBED_SWIFT_STANDARD_LIBRARIES = YES;
				CODE_SIGN_STYLE = Automatic;
				INFOPLIST_FILE = Flix1UITests/Info.plist;
				LD_RUNPATH_SEARCH_PATHS = (
					"$(inherited)",
					"@executable_path/Frameworks",
					"@loader_path/Frameworks",
				);
				PRODUCT_BUNDLE_IDENTIFIER = "Brittany-Dail.Flix1UITests";
				PRODUCT_NAME = "$(TARGET_NAME)";
				SWIFT_VERSION = 4.0;
				TARGETED_DEVICE_FAMILY = "1,2";
				TEST_TARGET_NAME = Flix1;
			};
			name = Release;
		};
/* End XCBuildConfiguration section */

/* Begin XCConfigurationList section */
		A4FCCE0E214378E200807A9F /* Build configuration list for PBXProject "Flix1" */ = {
			isa = XCConfigurationList;
			buildConfigurations = (
				A4FCCE39214378E300807A9F /* Debug */,
				A4FCCE3A214378E300807A9F /* Release */,
			);
			defaultConfigurationIsVisible = 0;
			defaultConfigurationName = Release;
		};
		A4FCCE3B214378E300807A9F /* Build configuration list for PBXNativeTarget "Flix1" */ = {
			isa = XCConfigurationList;
			buildConfigurations = (
				A4FCCE3C214378E300807A9F /* Debug */,
				A4FCCE3D214378E300807A9F /* Release */,
			);
			defaultConfigurationIsVisible = 0;
			defaultConfigurationName = Release;
		};
		A4FCCE3E214378E300807A9F /* Build configuration list for PBXNativeTarget "Flix1Tests" */ = {
			isa = XCConfigurationList;
			buildConfigurations = (
				A4FCCE3F214378E300807A9F /* Debug */,
				A4FCCE40214378E300807A9F /* Release */,
			);
			defaultConfigurationIsVisible = 0;
			defaultConfigurationName = Release;
		};
		A4FCCE41214378E300807A9F /* Build configuration list for PBXNativeTarget "Flix1UITests" */ = {
			isa = XCConfigurationList;
			buildConfigurations = (
				A4FCCE42214378E300807A9F /* Debug */,
				A4FCCE43214378E300807A9F /* Release */,
			);
			defaultConfigurationIsVisible = 0;
			defaultConfigurationName = Release;
		};
/* End XCConfigurationList section */
	};
	rootObject = A4FCCE0B214378E200807A9F /* Project object */;
}
